{
  "dependencies": {
    "dTiles": {
      "from": "github:datavisyn/dTiles#develop",
      "dependencies": {
        "tdp_core": {
          "from": "github:datavisyn/tdp_core#lineupjs3"
        }
      }
    },
    "ordino": {
      "from": "github:Caleydo/ordino#develop",
      "dependencies": {
        "tdp_core": {
          "from": "github:datavisyn/tdp_core#lineupjs3"
        }
      }
    }
  }
}
